
Microsoft Visual Studio Solution File, Format Version 12.00
# Visual Studio Version 17
VisualStudioVersion = 17.13.35825.156 d17.13
MinimumVisualStudioVersion = 10.0.40219.1
Project("{FAE04EC0-301F-11D3-BF4B-00C04F79EFBC}") = "2280600953", "2280600953.csproj", "{3500A55E-1F43-4F55-81E0-B7D2BB899D50}"
EndProject
Global
	GlobalSection(SolutionConfigurationPlatforms) = preSolution
		Debug|Any CPU = Debug|Any CPU
		Release|Any CPU = Release|Any CPU
	EndGlobalSection
	GlobalSection(ProjectConfigurationPlatforms) = postSolution
		{3500A55E-1F43-4F55-81E0-B7D2BB899D50}.Debug|Any CPU.ActiveCfg = Debug|Any CPU
		{3500A55E-1F43-4F55-81E0-B7D2BB899D50}.Debug|Any CPU.Build.0 = Debug|Any CPU
		{3500A55E-1F43-4F55-81E0-B7D2BB899D50}.Release|Any CPU.ActiveCfg = Release|Any CPU
		{3500A55E-1F43-4F55-81E0-B7D2BB899D50}.Release|Any CPU.Build.0 = Release|Any CPU
	EndGlobalSection
	GlobalSection(SolutionProperties) = preSolution
		HideSolutionNode = FALSE
	EndGlobalSection
	GlobalSection(ExtensibilityGlobals) = postSolution
		SolutionGuid = {4A252355-709E-4EBB-88BD-207BF3602A18}
	EndGlobalSection
EndGlobal
